
Microsoft Visual Studio Solution File, Format Version 12.00
# Visual Studio Version 16
VisualStudioVersion = 16.0.29025.244
MinimumVisualStudioVersion = 10.0.40219.1
Project("{FAE04EC0-301F-11D3-BF4B-00C04F79EFBC}") = "WPFUI", "WPFUI\WPFUI.csproj", "{A58A6254-A93C-4C79-85DD-8F8A5640C5E4}"
EndProject
Global
	GlobalSection(SolutionConfigurationPlatforms) = preSolution
		Debug|Any CPU = Debug|Any CPU
		Release|Any CPU = Release|Any CPU
	EndGlobalSection
	GlobalSection(ProjectConfigurationPlatforms) = postSolution
		{A58A6254-A93C-4C79-85DD-8F8A5640C5E4}.Debug|Any CPU.ActiveCfg = Debug|Any CPU
		{A58A6254-A93C-4C79-85DD-8F8A5640C5E4}.Debug|Any CPU.Build.0 = Debug|Any CPU
		{A58A6254-A93C-4C79-85DD-8F8A5640C5E4}.Release|Any CPU.ActiveCfg = Release|Any CPU
		{A58A6254-A93C-4C79-85DD-8F8A5640C5E4}.Release|Any CPU.Build.0 = Release|Any CPU
	EndGlobalSection
	GlobalSection(SolutionProperties) = preSolution
		HideSolutionNode = FALSE
	EndGlobalSection
	GlobalSection(ExtensibilityGlobals) = postSolution
		SolutionGuid = {3FDD8940-3F92-4A41-A8E2-EB79B6D70594}
	EndGlobalSection
EndGlobal
